
Microsoft Visual Studio Solution File, Format Version 12.00
# Visual Studio 14
VisualStudioVersion = 14.0.25420.1
MinimumVisualStudioVersion = 10.0.40219.1
Project("{FAE04EC0-301F-11D3-BF4B-00C04F79EFBC}") = "PrismApp1", "PrismApp1\PrismApp1\PrismApp1.csproj", "{28DC0627-97E6-47B0-9BF9-33B330A93F4D}"
EndProject
Project("{FAE04EC0-301F-11D3-BF4B-00C04F79EFBC}") = "PrismApp1.Droid", "PrismApp1\PrismApp1.Droid\PrismApp1.Droid.csproj", "{3B04B858-238C-42F5-A92C-DBADBBC21BA0}"
EndProject
Project("{FAE04EC0-301F-11D3-BF4B-00C04F79EFBC}") = "PrismApp1.iOS", "PrismApp1\PrismApp1.iOS\PrismApp1.iOS.csproj", "{DDAD61FD-ABB4-462A-99B6-E28CB960801B}"
EndProject
Project("{FAE04EC0-301F-11D3-BF4B-00C04F79EFBC}") = "PrismApp1.UWP", "PrismApp1\PrismApp1.UWP\PrismApp1.UWP.csproj", "{7C505DC3-74B4-4160-9486-002322A8933E}"
EndProject
Global
	GlobalSection(SolutionConfigurationPlatforms) = preSolution
		Ad-Hoc|Any CPU = Ad-Hoc|Any CPU
		Ad-Hoc|ARM = Ad-Hoc|ARM
		Ad-Hoc|iPhone = Ad-Hoc|iPhone
		Ad-Hoc|iPhoneSimulator = Ad-Hoc|iPhoneSimulator
		Ad-Hoc|x64 = Ad-Hoc|x64
		Ad-Hoc|x86 = Ad-Hoc|x86
		AppStore|Any CPU = AppStore|Any CPU
		AppStore|ARM = AppStore|ARM
		AppStore|iPhone = AppStore|iPhone
		AppStore|iPhoneSimulator = AppStore|iPhoneSimulator
		AppStore|x64 = AppStore|x64
		AppStore|x86 = AppStore|x86
		Debug|Any CPU = Debug|Any CPU
		Debug|ARM = Debug|ARM
		Debug|iPhone = Debug|iPhone
		Debug|iPhoneSimulator = Debug|iPhoneSimulator
		Debug|x64 = Debug|x64
		Debug|x86 = Debug|x86
		Release|Any CPU = Release|Any CPU
		Release|ARM = Release|ARM
		Release|iPhone = Release|iPhone
		Release|iPhoneSimulator = Release|iPhoneSimulator
		Release|x64 = Release|x64
		Release|x86 = Release|x86
	EndGlobalSection
	GlobalSection(ProjectConfigurationPlatforms) = postSolution
		{28DC0627-97E6-47B0-9BF9-33B330A93F4D}.Ad-Hoc|Any CPU.ActiveCfg = Release|Any CPU
		{28DC0627-97E6-47B0-9BF9-33B330A93F4D}.Ad-Hoc|Any CPU.Build.0 = Release|Any CPU
		{28DC0627-97E6-47B0-9BF9-33B330A93F4D}.Ad-Hoc|ARM.ActiveCfg = Release|Any CPU
		{28DC0627-97E6-47B0-9BF9-33B330A93F4D}.Ad-Hoc|ARM.Build.0 = Release|Any CPU
		{28DC0627-97E6-47B0-9BF9-33B330A93F4D}.Ad-Hoc|iPhone.ActiveCfg = Release|Any CPU
		{28DC0627-97E6-47B0-9BF9-33B330A93F4D}.Ad-Hoc|iPhone.Build.0 = Release|Any CPU
		{28DC0627-97E6-47B0-9BF9-33B330A93F4D}.Ad-Hoc|iPhoneSimulator.ActiveCfg = Release|Any CPU
		{28DC0627-97E6-47B0-9BF9-33B330A93F4D}.Ad-Hoc|iPhoneSimulator.Build.0 = Release|Any CPU
		{28DC0627-97E6-47B0-9BF9-33B330A93F4D}.Ad-Hoc|x64.ActiveCfg = Release|Any CPU
		{28DC0627-97E6-47B0-9BF9-33B330A93F4D}.Ad-Hoc|x64.Build.0 = Release|Any CPU
		{28DC0627-97E6-47B0-9BF9-33B330A93F4D}.Ad-Hoc|x86.ActiveCfg = Release|Any CPU
		{28DC0627-97E6-47B0-9BF9-33B330A93F4D}.Ad-Hoc|x86.Build.0 = Release|Any CPU
		{28DC0627-97E6-47B0-9BF9-33B330A93F4D}.AppStore|Any CPU.ActiveCfg = Release|Any CPU
		{28DC0627-97E6-47B0-9BF9-33B330A93F4D}.AppStore|Any CPU.Build.0 = Release|Any CPU
		{28DC0627-97E6-47B0-9BF9-33B330A93F4D}.AppStore|ARM.ActiveCfg = Release|Any CPU
		{28DC0627-97E6-47B0-9BF9-33B330A93F4D}.AppStore|ARM.Build.0 = Release|Any CPU
		{28DC0627-97E6-47B0-9BF9-33B330A93F4D}.AppStore|iPhone.ActiveCfg = Release|Any CPU
		{28DC0627-97E6-47B0-9BF9-33B330A93F4D}.AppStore|iPhone.Build.0 = Release|Any CPU
		{28DC0627-97E6-47B0-9BF9-33B330A93F4D}.AppStore|iPhoneSimulator.ActiveCfg = Release|Any CPU
		{28DC0627-97E6-47B0-9BF9-33B330A93F4D}.AppStore|iPhoneSimulator.Build.0 = Release|Any CPU
		{28DC0627-97E6-47B0-9BF9-33B330A93F4D}.AppStore|x64.ActiveCfg = Release|Any CPU
		{28DC0627-97E6-47B0-9BF9-33B330A93F4D}.AppStore|x64.Build.0 = Release|Any CPU
		{28DC0627-97E6-47B0-9BF9-33B330A93F4D}.AppStore|x86.ActiveCfg = Release|Any CPU
		{28DC0627-97E6-47B0-9BF9-33B330A93F4D}.AppStore|x86.Build.0 = Release|Any CPU
		{28DC0627-97E6-47B0-9BF9-33B330A93F4D}.Debug|Any CPU.ActiveCfg = Debug|Any CPU
		{28DC0627-97E6-47B0-9BF9-33B330A93F4D}.Debug|Any CPU.Build.0 = Debug|Any CPU
		{28DC0627-97E6-47B0-9BF9-33B330A93F4D}.Debug|ARM.ActiveCfg = Debug|Any CPU
		{28DC0627-97E6-47B0-9BF9-33B330A93F4D}.Debug|ARM.Build.0 = Debug|Any CPU
		{28DC0627-97E6-47B0-9BF9-33B330A93F4D}.Debug|iPhone.ActiveCfg = Debug|Any CPU
		{28DC0627-97E6-47B0-9BF9-33B330A93F4D}.Debug|iPhone.Build.0 = Debug|Any CPU
		{28DC0627-97E6-47B0-9BF9-33B330A93F4D}.Debug|iPhoneSimulator.ActiveCfg = Debug|Any CPU
		{28DC0627-97E6-47B0-9BF9-33B330A93F4D}.Debug|iPhoneSimulator.Build.0 = Debug|Any CPU
		{28DC0627-97E6-47B0-9BF9-33B330A93F4D}.Debug|x64.ActiveCfg = Debug|Any CPU
		{28DC0627-97E6-47B0-9BF9-33B330A93F4D}.Debug|x64.Build.0 = Debug|Any CPU
		{28DC0627-97E6-47B0-9BF9-33B330A93F4D}.Debug|x86.ActiveCfg = Debug|Any CPU
		{28DC0627-97E6-47B0-9BF9-33B330A93F4D}.Debug|x86.Build.0 = Debug|Any CPU
		{28DC0627-97E6-47B0-9BF9-33B330A93F4D}.Release|Any CPU.ActiveCfg = Release|Any CPU
		{28DC0627-97E6-47B0-9BF9-33B330A93F4D}.Release|Any CPU.Build.0 = Release|Any CPU
		{28DC0627-97E6-47B0-9BF9-33B330A93F4D}.Release|ARM.ActiveCfg = Release|Any CPU
		{28DC0627-97E6-47B0-9BF9-33B330A93F4D}.Release|ARM.Build.0 = Release|Any CPU
		{28DC0627-97E6-47B0-9BF9-33B330A93F4D}.Release|iPhone.ActiveCfg = Release|Any CPU
		{28DC0627-97E6-47B0-9BF9-33B330A93F4D}.Release|iPhone.Build.0 = Release|Any CPU
		{28DC0627-97E6-47B0-9BF9-33B330A93F4D}.Release|iPhoneSimulator.ActiveCfg = Release|Any CPU
		{28DC0627-97E6-47B0-9BF9-33B330A93F4D}.Release|iPhoneSimulator.Build.0 = Release|Any CPU
		{28DC0627-97E6-47B0-9BF9-33B330A93F4D}.Release|x64.ActiveCfg = Release|Any CPU
		{28DC0627-97E6-47B0-9BF9-33B330A93F4D}.Release|x64.Build.0 = Release|Any CPU
		{28DC0627-97E6-47B0-9BF9-33B330A93F4D}.Release|x86.ActiveCfg = Release|Any CPU
		{28DC0627-97E6-47B0-9BF9-33B330A93F4D}.Release|x86.Build.0 = Release|Any CPU
		{3B04B858-238C-42F5-A92C-DBADBBC21BA0}.Ad-Hoc|Any CPU.ActiveCfg = Release|Any CPU
		{3B04B858-238C-42F5-A92C-DBADBBC21BA0}.Ad-Hoc|Any CPU.Build.0 = Release|Any CPU
		{3B04B858-238C-42F5-A92C-DBADBBC21BA0}.Ad-Hoc|Any CPU.Deploy.0 = Release|Any CPU
		{3B04B858-238C-42F5-A92C-DBADBBC21BA0}.Ad-Hoc|ARM.ActiveCfg = Release|Any CPU
		{3B04B858-238C-42F5-A92C-DBADBBC21BA0}.Ad-Hoc|ARM.Build.0 = Release|Any CPU
		{3B04B858-238C-42F5-A92C-DBADBBC21BA0}.Ad-Hoc|ARM.Deploy.0 = Release|Any CPU
		{3B04B858-238C-42F5-A92C-DBADBBC21BA0}.Ad-Hoc|iPhone.ActiveCfg = Release|Any CPU
		{3B04B858-238C-42F5-A92C-DBADBBC21BA0}.Ad-Hoc|iPhone.Build.0 = Release|Any CPU
		{3B04B858-238C-42F5-A92C-DBADBBC21BA0}.Ad-Hoc|iPhone.Deploy.0 = Release|Any CPU
		{3B04B858-238C-42F5-A92C-DBADBBC21BA0}.Ad-Hoc|iPhoneSimulator.ActiveCfg = Release|Any CPU
		{3B04B858-238C-42F5-A92C-DBADBBC21BA0}.Ad-Hoc|iPhoneSimulator.Build.0 = Release|Any CPU
		{3B04B858-238C-42F5-A92C-DBADBBC21BA0}.Ad-Hoc|iPhoneSimulator.Deploy.0 = Release|Any CPU
		{3B04B858-238C-42F5-A92C-DBADBBC21BA0}.Ad-Hoc|x64.ActiveCfg = Release|Any CPU
		{3B04B858-238C-42F5-A92C-DBADBBC21BA0}.Ad-Hoc|x64.Build.0 = Release|Any CPU
		{3B04B858-238C-42F5-A92C-DBADBBC21BA0}.Ad-Hoc|x64.Deploy.0 = Release|Any CPU
		{3B04B858-238C-42F5-A92C-DBADBBC21BA0}.Ad-Hoc|x86.ActiveCfg = Release|Any CPU
		{3B04B858-238C-42F5-A92C-DBADBBC21BA0}.Ad-Hoc|x86.Build.0 = Release|Any CPU
		{3B04B858-238C-42F5-A92C-DBADBBC21BA0}.Ad-Hoc|x86.Deploy.0 = Release|Any CPU
		{3B04B858-238C-42F5-A92C-DBADBBC21BA0}.AppStore|Any CPU.ActiveCfg = Release|Any CPU
		{3B04B858-238C-42F5-A92C-DBADBBC21BA0}.AppStore|Any CPU.Build.0 = Release|Any CPU
		{3B04B858-238C-42F5-A92C-DBADBBC21BA0}.AppStore|Any CPU.Deploy.0 = Release|Any CPU
		{3B04B858-238C-42F5-A92C-DBADBBC21BA0}.AppStore|ARM.ActiveCfg = Release|Any CPU
		{3B04B858-238C-42F5-A92C-DBADBBC21BA0}.AppStore|ARM.Build.0 = Release|Any CPU
		{3B04B858-238C-42F5-A92C-DBADBBC21BA0}.AppStore|ARM.Deploy.0 = Release|Any CPU
		{3B04B858-238C-42F5-A92C-DBADBBC21BA0}.AppStore|iPhone.ActiveCfg = Release|Any CPU
		{3B04B858-238C-42F5-A92C-DBADBBC21BA0}.AppStore|iPhone.Build.0 = Release|Any CPU
		{3B04B858-238C-42F5-A92C-DBADBBC21BA0}.AppStore|iPhone.Deploy.0 = Release|Any CPU
		{3B04B858-238C-42F5-A92C-DBADBBC21BA0}.AppStore|iPhoneSimulator.ActiveCfg = Release|Any CPU
		{3B04B858-238C-42F5-A92C-DBADBBC21BA0}.AppStore|iPhoneSimulator.Build.0 = Release|Any CPU
		{3B04B858-238C-42F5-A92C-DBADBBC21BA0}.AppStore|iPhoneSimulator.Deploy.0 = Release|Any CPU
		{3B04B858-238C-42F5-A92C-DBADBBC21BA0}.AppStore|x64.ActiveCfg = Release|Any CPU
		{3B04B858-238C-42F5-A92C-DBADBBC21BA0}.AppStore|x64.Build.0 = Release|Any CPU
		{3B04B858-238C-42F5-A92C-DBADBBC21BA0}.AppStore|x64.Deploy.0 = Release|Any CPU
		{3B04B858-238C-42F5-A92C-DBADBBC21BA0}.AppStore|x86.ActiveCfg = Release|Any CPU
		{3B04B858-238C-42F5-A92C-DBADBBC21BA0}.AppStore|x86.Build.0 = Release|Any CPU
		{3B04B858-238C-42F5-A92C-DBADBBC21BA0}.AppStore|x86.Deploy.0 = Release|Any CPU
		{3B04B858-238C-42F5-A92C-DBADBBC21BA0}.Debug|Any CPU.ActiveCfg = Debug|Any CPU
		{3B04B858-238C-42F5-A92C-DBADBBC21BA0}.Debug|Any CPU.Build.0 = Debug|Any CPU
		{3B04B858-238C-42F5-A92C-DBADBBC21BA0}.Debug|Any CPU.Deploy.0 = Debug|Any CPU
		{3B04B858-238C-42F5-A92C-DBADBBC21BA0}.Debug|ARM.ActiveCfg = Debug|Any CPU
		{3B04B858-238C-42F5-A92C-DBADBBC21BA0}.Debug|ARM.Build.0 = Debug|Any CPU
		{3B04B858-238C-42F5-A92C-DBADBBC21BA0}.Debug|ARM.Deploy.0 = Debug|Any CPU
		{3B04B858-238C-42F5-A92C-DBADBBC21BA0}.Debug|iPhone.ActiveCfg = Debug|Any CPU
		{3B04B858-238C-42F5-A92C-DBADBBC21BA0}.Debug|iPhone.Build.0 = Debug|Any CPU
		{3B04B858-238C-42F5-A92C-DBADBBC21BA0}.Debug|iPhone.Deploy.0 = Debug|Any CPU
		{3B04B858-238C-42F5-A92C-DBADBBC21BA0}.Debug|iPhoneSimulator.ActiveCfg = Debug|Any CPU
		{3B04B858-238C-42F5-A92C-DBADBBC21BA0}.Debug|iPhoneSimulator.Build.0 = Debug|Any CPU
		{3B04B858-238C-42F5-A92C-DBADBBC21BA0}.Debug|iPhoneSimulator.Deploy.0 = Debug|Any CPU
		{3B04B858-238C-42F5-A92C-DBADBBC21BA0}.Debug|x64.ActiveCfg = Debug|Any CPU
		{3B04B858-238C-42F5-A92C-DBADBBC21BA0}.Debug|x64.Build.0 = Debug|Any CPU
		{3B04B858-238C-42F5-A92C-DBADBBC21BA0}.Debug|x64.Deploy.0 = Debug|Any CPU
		{3B04B858-238C-42F5-A92C-DBADBBC21BA0}.Debug|x86.ActiveCfg = Debug|Any CPU
		{3B04B858-238C-42F5-A92C-DBADBBC21BA0}.Debug|x86.Build.0 = Debug|Any CPU
		{3B04B858-238C-42F5-A92C-DBADBBC21BA0}.Debug|x86.Deploy.0 = Debug|Any CPU
		{3B04B858-238C-42F5-A92C-DBADBBC21BA0}.Release|Any CPU.ActiveCfg = Release|Any CPU
		{3B04B858-238C-42F5-A92C-DBADBBC21BA0}.Release|Any CPU.Build.0 = Release|Any CPU
		{3B04B858-238C-42F5-A92C-DBADBBC21BA0}.Release|Any CPU.Deploy.0 = Release|Any CPU
		{3B04B858-238C-42F5-A92C-DBADBBC21BA0}.Release|ARM.ActiveCfg = Release|Any CPU
		{3B04B858-238C-42F5-A92C-DBADBBC21BA0}.Release|ARM.Build.0 = Release|Any CPU
		{3B04B858-238C-42F5-A92C-DBADBBC21BA0}.Release|ARM.Deploy.0 = Release|Any CPU
		{3B04B858-238C-42F5-A92C-DBADBBC21BA0}.Release|iPhone.ActiveCfg = Release|Any CPU
		{3B04B858-238C-42F5-A92C-DBADBBC21BA0}.Release|iPhone.Build.0 = Release|Any CPU
		{3B04B858-238C-42F5-A92C-DBADBBC21BA0}.Release|iPhone.Deploy.0 = Release|Any CPU
		{3B04B858-238C-42F5-A92C-DBADBBC21BA0}.Release|iPhoneSimulator.ActiveCfg = Release|Any CPU
		{3B04B858-238C-42F5-A92C-DBADBBC21BA0}.Release|iPhoneSimulator.Build.0 = Release|Any CPU
		{3B04B858-238C-42F5-A92C-DBADBBC21BA0}.Release|iPhoneSimulator.Deploy.0 = Release|Any CPU
		{3B04B858-238C-42F5-A92C-DBADBBC21BA0}.Release|x64.ActiveCfg = Release|Any CPU
		{3B04B858-238C-42F5-A92C-DBADBBC21BA0}.Release|x64.Build.0 = Release|Any CPU
		{3B04B858-238C-42F5-A92C-DBADBBC21BA0}.Release|x64.Deploy.0 = Release|Any CPU
		{3B04B858-238C-42F5-A92C-DBADBBC21BA0}.Release|x86.ActiveCfg = Release|Any CPU
		{3B04B858-238C-42F5-A92C-DBADBBC21BA0}.Release|x86.Build.0 = Release|Any CPU
		{3B04B858-238C-42F5-A92C-DBADBBC21BA0}.Release|x86.Deploy.0 = Release|Any CPU
		{DDAD61FD-ABB4-462A-99B6-E28CB960801B}.Ad-Hoc|Any CPU.ActiveCfg = Ad-Hoc|iPhone
		{DDAD61FD-ABB4-462A-99B6-E28CB960801B}.Ad-Hoc|ARM.ActiveCfg = Ad-Hoc|iPhone
		{DDAD61FD-ABB4-462A-99B6-E28CB960801B}.Ad-Hoc|iPhone.ActiveCfg = Ad-Hoc|iPhone
		{DDAD61FD-ABB4-462A-99B6-E28CB960801B}.Ad-Hoc|iPhone.Build.0 = Ad-Hoc|iPhone
		{DDAD61FD-ABB4-462A-99B6-E28CB960801B}.Ad-Hoc|iPhoneSimulator.ActiveCfg = Ad-Hoc|iPhoneSimulator
		{DDAD61FD-ABB4-462A-99B6-E28CB960801B}.Ad-Hoc|iPhoneSimulator.Build.0 = Ad-Hoc|iPhoneSimulator
		{DDAD61FD-ABB4-462A-99B6-E28CB960801B}.Ad-Hoc|x64.ActiveCfg = Ad-Hoc|iPhone
		{DDAD61FD-ABB4-462A-99B6-E28CB960801B}.Ad-Hoc|x86.ActiveCfg = Ad-Hoc|iPhone
		{DDAD61FD-ABB4-462A-99B6-E28CB960801B}.AppStore|Any CPU.ActiveCfg = AppStore|iPhone
		{DDAD61FD-ABB4-462A-99B6-E28CB960801B}.AppStore|ARM.ActiveCfg = AppStore|iPhone
		{DDAD61FD-ABB4-462A-99B6-E28CB960801B}.AppStore|iPhone.ActiveCfg = AppStore|iPhone
		{DDAD61FD-ABB4-462A-99B6-E28CB960801B}.AppStore|iPhone.Build.0 = AppStore|iPhone
		{DDAD61FD-ABB4-462A-99B6-E28CB960801B}.AppStore|iPhoneSimulator.ActiveCfg = AppStore|iPhoneSimulator
		{DDAD61FD-ABB4-462A-99B6-E28CB960801B}.AppStore|iPhoneSimulator.Build.0 = AppStore|iPhoneSimulator
		{DDAD61FD-ABB4-462A-99B6-E28CB960801B}.AppStore|x64.ActiveCfg = AppStore|iPhone
		{DDAD61FD-ABB4-462A-99B6-E28CB960801B}.AppStore|x86.ActiveCfg = AppStore|iPhone
		{DDAD61FD-ABB4-462A-99B6-E28CB960801B}.Debug|Any CPU.ActiveCfg = Debug|iPhone
		{DDAD61FD-ABB4-462A-99B6-E28CB960801B}.Debug|ARM.ActiveCfg = Debug|iPhone
		{DDAD61FD-ABB4-462A-99B6-E28CB960801B}.Debug|iPhone.ActiveCfg = Debug|iPhone
		{DDAD61FD-ABB4-462A-99B6-E28CB960801B}.Debug|iPhone.Build.0 = Debug|iPhone
		{DDAD61FD-ABB4-462A-99B6-E28CB960801B}.Debug|iPhoneSimulator.ActiveCfg = Debug|iPhoneSimulator
		{DDAD61FD-ABB4-462A-99B6-E28CB960801B}.Debug|iPhoneSimulator.Build.0 = Debug|iPhoneSimulator
		{DDAD61FD-ABB4-462A-99B6-E28CB960801B}.Debug|x64.ActiveCfg = Debug|iPhone
		{DDAD61FD-ABB4-462A-99B6-E28CB960801B}.Debug|x86.ActiveCfg = Debug|iPhone
		{DDAD61FD-ABB4-462A-99B6-E28CB960801B}.Release|Any CPU.ActiveCfg = Release|iPhone
		{DDAD61FD-ABB4-462A-99B6-E28CB960801B}.Release|ARM.ActiveCfg = Release|iPhone
		{DDAD61FD-ABB4-462A-99B6-E28CB960801B}.Release|iPhone.ActiveCfg = Release|iPhone
		{DDAD61FD-ABB4-462A-99B6-E28CB960801B}.Release|iPhone.Build.0 = Release|iPhone
		{DDAD61FD-ABB4-462A-99B6-E28CB960801B}.Release|iPhoneSimulator.ActiveCfg = Release|iPhoneSimulator
		{DDAD61FD-ABB4-462A-99B6-E28CB960801B}.Release|iPhoneSimulator.Build.0 = Release|iPhoneSimulator
		{DDAD61FD-ABB4-462A-99B6-E28CB960801B}.Release|x64.ActiveCfg = Release|iPhone
		{DDAD61FD-ABB4-462A-99B6-E28CB960801B}.Release|x86.ActiveCfg = Release|iPhone
		{7C505DC3-74B4-4160-9486-002322A8933E}.Ad-Hoc|Any CPU.ActiveCfg = Release|x86
		{7C505DC3-74B4-4160-9486-002322A8933E}.Ad-Hoc|Any CPU.Build.0 = Release|x86
		{7C505DC3-74B4-4160-9486-002322A8933E}.Ad-Hoc|Any CPU.Deploy.0 = Release|x86
		{7C505DC3-74B4-4160-9486-002322A8933E}.Ad-Hoc|ARM.ActiveCfg = Release|ARM
		{7C505DC3-74B4-4160-9486-002322A8933E}.Ad-Hoc|ARM.Build.0 = Release|ARM
		{7C505DC3-74B4-4160-9486-002322A8933E}.Ad-Hoc|ARM.Deploy.0 = Release|ARM
		{7C505DC3-74B4-4160-9486-002322A8933E}.Ad-Hoc|iPhone.ActiveCfg = Release|x86
		{7C505DC3-74B4-4160-9486-002322A8933E}.Ad-Hoc|iPhone.Build.0 = Release|x86
		{7C505DC3-74B4-4160-9486-002322A8933E}.Ad-Hoc|iPhone.Deploy.0 = Release|x86
		{7C505DC3-74B4-4160-9486-002322A8933E}.Ad-Hoc|iPhoneSimulator.ActiveCfg = Release|x86
		{7C505DC3-74B4-4160-9486-002322A8933E}.Ad-Hoc|iPhoneSimulator.Build.0 = Release|x86
		{7C505DC3-74B4-4160-9486-002322A8933E}.Ad-Hoc|iPhoneSimulator.Deploy.0 = Release|x86
		{7C505DC3-74B4-4160-9486-002322A8933E}.Ad-Hoc|x64.ActiveCfg = Release|x64
		{7C505DC3-74B4-4160-9486-002322A8933E}.Ad-Hoc|x64.Build.0 = Release|x64
		{7C505DC3-74B4-4160-9486-002322A8933E}.Ad-Hoc|x64.Deploy.0 = Release|x64
		{7C505DC3-74B4-4160-9486-002322A8933E}.Ad-Hoc|x86.ActiveCfg = Release|x86
		{7C505DC3-74B4-4160-9486-002322A8933E}.Ad-Hoc|x86.Build.0 = Release|x86
		{7C505DC3-74B4-4160-9486-002322A8933E}.Ad-Hoc|x86.Deploy.0 = Release|x86
		{7C505DC3-74B4-4160-9486-002322A8933E}.AppStore|Any CPU.ActiveCfg = Release|x86
		{7C505DC3-74B4-4160-9486-002322A8933E}.AppStore|Any CPU.Build.0 = Release|x86
		{7C505DC3-74B4-4160-9486-002322A8933E}.AppStore|Any CPU.Deploy.0 = Release|x86
		{7C505DC3-74B4-4160-9486-002322A8933E}.AppStore|ARM.ActiveCfg = Release|ARM
		{7C505DC3-74B4-4160-9486-002322A8933E}.AppStore|ARM.Build.0 = Release|ARM
		{7C505DC3-74B4-4160-9486-002322A8933E}.AppStore|ARM.Deploy.0 = Release|ARM
		{7C505DC3-74B4-4160-9486-002322A8933E}.AppStore|iPhone.ActiveCfg = Release|x86
		{7C505DC3-74B4-4160-9486-002322A8933E}.AppStore|iPhone.Build.0 = Release|x86
		{7C505DC3-74B4-4160-9486-002322A8933E}.AppStore|iPhone.Deploy.0 = Release|x86
		{7C505DC3-74B4-4160-9486-002322A8933E}.AppStore|iPhoneSimulator.ActiveCfg = Release|x86
		{7C505DC3-74B4-4160-9486-002322A8933E}.AppStore|iPhoneSimulator.Build.0 = Release|x86
		{7C505DC3-74B4-4160-9486-002322A8933E}.AppStore|iPhoneSimulator.Deploy.0 = Release|x86
		{7C505DC3-74B4-4160-9486-002322A8933E}.AppStore|x64.ActiveCfg = Release|x64
		{7C505DC3-74B4-4160-9486-002322A8933E}.AppStore|x64.Build.0 = Release|x64
		{7C505DC3-74B4-4160-9486-002322A8933E}.AppStore|x64.Deploy.0 = Release|x64
		{7C505DC3-74B4-4160-9486-002322A8933E}.AppStore|x86.ActiveCfg = Release|x86
		{7C505DC3-74B4-4160-9486-002322A8933E}.AppStore|x86.Build.0 = Release|x86
		{7C505DC3-74B4-4160-9486-002322A8933E}.AppStore|x86.Deploy.0 = Release|x86
		{7C505DC3-74B4-4160-9486-002322A8933E}.Debug|Any CPU.ActiveCfg = Debug|x86
		{7C505DC3-74B4-4160-9486-002322A8933E}.Debug|ARM.ActiveCfg = Debug|ARM
		{7C505DC3-74B4-4160-9486-002322A8933E}.Debug|ARM.Build.0 = Debug|ARM
		{7C505DC3-74B4-4160-9486-002322A8933E}.Debug|ARM.Deploy.0 = Debug|ARM
		{7C505DC3-74B4-4160-9486-002322A8933E}.Debug|iPhone.ActiveCfg = Debug|x86
		{7C505DC3-74B4-4160-9486-002322A8933E}.Debug|iPhoneSimulator.ActiveCfg = Debug|x86
		{7C505DC3-74B4-4160-9486-002322A8933E}.Debug|x64.ActiveCfg = Debug|x64
		{7C505DC3-74B4-4160-9486-002322A8933E}.Debug|x64.Build.0 = Debug|x64
		{7C505DC3-74B4-4160-9486-002322A8933E}.Debug|x64.Deploy.0 = Debug|x64
		{7C505DC3-74B4-4160-9486-002322A8933E}.Debug|x86.ActiveCfg = Debug|x86
		{7C505DC3-74B4-4160-9486-002322A8933E}.Debug|x86.Build.0 = Debug|x86
		{7C505DC3-74B4-4160-9486-002322A8933E}.Debug|x86.Deploy.0 = Debug|x86
		{7C505DC3-74B4-4160-9486-002322A8933E}.Release|Any CPU.ActiveCfg = Release|x86
		{7C505DC3-74B4-4160-9486-002322A8933E}.Release|ARM.ActiveCfg = Release|ARM
		{7C505DC3-74B4-4160-9486-002322A8933E}.Release|ARM.Build.0 = Release|ARM
		{7C505DC3-74B4-4160-9486-002322A8933E}.Release|ARM.Deploy.0 = Release|ARM
		{7C505DC3-74B4-4160-9486-002322A8933E}.Release|iPhone.ActiveCfg = Release|x86
		{7C505DC3-74B4-4160-9486-002322A8933E}.Release|iPhoneSimulator.ActiveCfg = Release|x86
		{7C505DC3-74B4-4160-9486-002322A8933E}.Release|x64.ActiveCfg = Release|x64
		{7C505DC3-74B4-4160-9486-002322A8933E}.Release|x64.Build.0 = Release|x64
		{7C505DC3-74B4-4160-9486-002322A8933E}.Release|x64.Deploy.0 = Release|x64
		{7C505DC3-74B4-4160-9486-002322A8933E}.Release|x86.ActiveCfg = Release|x86
		{7C505DC3-74B4-4160-9486-002322A8933E}.Release|x86.Build.0 = Release|x86
		{7C505DC3-74B4-4160-9486-002322A8933E}.Release|x86.Deploy.0 = Release|x86
	EndGlobalSection
	GlobalSection(SolutionProperties) = preSolution
		HideSolutionNode = FALSE
	EndGlobalSection
EndGlobal
